{
  "name": "todoaday",
  "version": "1.0.0",
  "lockfileVersion": 1,
  "requires": true,
  "dependencies": {
    "asn1.js": {
      "version": "5.4.1",
      "resolved": "https://hooppisg.jfrog.io/hooppisg/api/npm/hoopp-isg-npm-combined/asn1.js/-/asn1.js-5.4.1.tgz",
      "integrity": "sha1-EamAuE67kXgc41sP3C7ilON4Pwc=",
      "requires": {
        "bn.js": "4.11.9",
        "inherits": "2.0.1",
        "minimalistic-assert": "1.0.1",
        "safer-buffer": "2.1.2"
      },
      "dependencies": {
        "bn.js": {
          "version": "4.11.9",
          "resolved": "https://hooppisg.jfrog.io/hooppisg/api/npm/hoopp-isg-npm-combined/bn.js/-/bn.js-4.11.9.tgz",
          "integrity": "sha1-JtVWgpRY+dHoH8SJUkk9C6NQeCg="
        }
      }
    },
    "assert": {
      "version": "1.5.0",
      "resolved": "https://hooppisg.jfrog.io/hooppisg/api/npm/hoopp-isg-npm-combined/assert/-/assert-1.5.0.tgz",
      "integrity": "sha1-VcEJqvbgrv2z3EtxJAxwv1dLGOs=",
      "requires": {
        "object-assign": "4.1.1",
        "util": "0.10.3"
      },
      "dependencies": {
        "util": {
          "version": "0.10.3",
          "resolved": "https://hooppisg.jfrog.io/hooppisg/api/npm/hoopp-isg-npm-combined/util/-/util-0.10.3.tgz",
          "integrity": "sha1-evsa/lCAUkZInj23/g7TeTNqwPk=",
          "requires": {
            "inherits": "2.0.1"
          }
        }
      }
    },
    "async-limiter": {
      "version": "1.0.1",
      "resolved": "https://hooppisg.jfrog.io/hooppisg/api/npm/hoopp-isg-npm-combined/async-limiter/-/async-limiter-1.0.1.tgz",
      "integrity": "sha1-3TeelPDbgxCwgpH51kwyCXZmF/0="
    },
    "base64-js": {
      "version": "1.3.1",
      "resolved": "https://hooppisg.jfrog.io/hooppisg/api/npm/hoopp-isg-npm-combined/base64-js/-/base64-js-1.3.1.tgz",
      "integrity": "sha1-WOzoy3XdB+ce0IxzarxfrE2/jfE="
    },
    "bn.js": {
      "version": "5.1.3",
      "resolved": "https://hooppisg.jfrog.io/hooppisg/api/npm/hoopp-isg-npm-combined/bn.js/-/bn.js-5.1.3.tgz",
      "integrity": "sha1-vsoAVAj2Quvr6oCwQrTRjSrA7ms="
    },
    "brorand": {
      "version": "1.1.0",
      "resolved": "https://hooppisg.jfrog.io/hooppisg/api/npm/hoopp-isg-npm-combined/brorand/-/brorand-1.1.0.tgz",
      "integrity": "sha1-EsJe/kCkXjwyPrhnWgoM5XsiNx8="
    },
    "browserify-aes": {
      "version": "1.2.0",
      "resolved": "https://hooppisg.jfrog.io/hooppisg/api/npm/hoopp-isg-npm-combined/browserify-aes/-/browserify-aes-1.2.0.tgz",
      "integrity": "sha1-Mmc0ZC9APavDADIJhTu3CtQo70g=",
      "requires": {
        "buffer-xor": "1.0.3",
        "cipher-base": "1.0.4",
        "create-hash": "1.2.0",
        "evp_bytestokey": "1.0.3",
        "inherits": "2.0.1",
        "safe-buffer": "5.2.1"
      }
    },
    "browserify-cipher": {
      "version": "1.0.1",
      "resolved": "https://hooppisg.jfrog.io/hooppisg/api/npm/hoopp-isg-npm-combined/browserify-cipher/-/browserify-cipher-1.0.1.tgz",
      "integrity": "sha1-jWR0wbhwv9q807z8wZNKEOlPFfA=",
      "requires": {
        "browserify-aes": "1.2.0",
        "browserify-des": "1.0.2",
        "evp_bytestokey": "1.0.3"
      }
    },
    "browserify-des": {
      "version": "1.0.2",
      "resolved": "https://hooppisg.jfrog.io/hooppisg/api/npm/hoopp-isg-npm-combined/browserify-des/-/browserify-des-1.0.2.tgz",
      "integrity": "sha1-OvTx9Zg5QDVy8cZiBDdfen9wPpw=",
      "requires": {
        "cipher-base": "1.0.4",
        "des.js": "1.0.1",
        "inherits": "2.0.1",
        "safe-buffer": "5.2.1"
      }
    },
    "browserify-rsa": {
      "version": "4.0.1",
      "resolved": "https://hooppisg.jfrog.io/hooppisg/api/npm/hoopp-isg-npm-combined/browserify-rsa/-/browserify-rsa-4.0.1.tgz",
      "integrity": "sha1-IeCr+vbyApzy+vsTNWenAdQTVSQ=",
      "requires": {
        "bn.js": "4.11.9",
        "randombytes": "2.1.0"
      },
      "dependencies": {
        "bn.js": {
          "version": "4.11.9",
          "resolved": "https://hooppisg.jfrog.io/hooppisg/api/npm/hoopp-isg-npm-combined/bn.js/-/bn.js-4.11.9.tgz",
          "integrity": "sha1-JtVWgpRY+dHoH8SJUkk9C6NQeCg="
        }
      }
    },
    "browserify-sign": {
      "version": "4.2.1",
      "resolved": "https://hooppisg.jfrog.io/hooppisg/api/npm/hoopp-isg-npm-combined/browserify-sign/-/browserify-sign-4.2.1.tgz",
      "integrity": "sha1-6vSt1G3VS+O7OzbAzxWrvrp5VsM=",
      "requires": {
        "bn.js": "5.1.3",
        "browserify-rsa": "4.0.1",
        "create-hash": "1.2.0",
        "create-hmac": "1.1.7",
        "elliptic": "6.5.3",
        "inherits": "2.0.4",
        "parse-asn1": "5.1.6",
        "readable-stream": "3.6.0",
        "safe-buffer": "5.2.1"
      },
      "dependencies": {
        "inherits": {
          "version": "2.0.4",
          "resolved": "https://hooppisg.jfrog.io/hooppisg/api/npm/hoopp-isg-npm-combined/inherits/-/inherits-2.0.4.tgz",
          "integrity": "sha1-D6LGT5MpF8NDOg3tVTY6rjdBa3w="
        },
        "readable-stream": {
          "version": "3.6.0",
          "resolved": "https://hooppisg.jfrog.io/hooppisg/api/npm/hoopp-isg-npm-combined/readable-stream/-/readable-stream-3.6.0.tgz",
          "integrity": "sha1-M3u9o63AcGvT4CRCaihtS0sskZg=",
          "requires": {
            "inherits": "2.0.4",
            "string_decoder": "1.3.0",
            "util-deprecate": "1.0.2"
          }
        }
      }
    },
    "browserify-zlib": {
      "version": "0.2.0",
      "resolved": "https://hooppisg.jfrog.io/hooppisg/api/npm/hoopp-isg-npm-combined/browserify-zlib/-/browserify-zlib-0.2.0.tgz",
      "integrity": "sha1-KGlFnZqjviRf6P4sofRuLn9U1z8=",
      "requires": {
        "pako": "1.0.11"
      }
    },
    "buffer": {
      "version": "4.9.2",
      "resolved": "https://hooppisg.jfrog.io/hooppisg/api/npm/hoopp-isg-npm-combined/buffer/-/buffer-4.9.2.tgz",
      "integrity": "sha1-Iw6tNEACmIZEhBqwJEr4xEu+Pvg=",
      "requires": {
        "base64-js": "1.3.1",
        "ieee754": "1.1.13",
        "isarray": "1.0.0"
      }
    },
    "buffer-xor": {
      "version": "1.0.3",
      "resolved": "https://hooppisg.jfrog.io/hooppisg/api/npm/hoopp-isg-npm-combined/buffer-xor/-/buffer-xor-1.0.3.tgz",
      "integrity": "sha1-JuYe0UIvtw3ULm42cp7VHYVf6Nk="
    },
    "builtin-status-codes": {
      "version": "3.0.0",
      "resolved": "https://hooppisg.jfrog.io/hooppisg/api/npm/hoopp-isg-npm-combined/builtin-status-codes/-/builtin-status-codes-3.0.0.tgz",
      "integrity": "sha1-hZgoeOIbmOHGZCXgPQF0eI9Wnug="
    },
    "cipher-base": {
      "version": "1.0.4",
      "resolved": "https://hooppisg.jfrog.io/hooppisg/api/npm/hoopp-isg-npm-combined/cipher-base/-/cipher-base-1.0.4.tgz",
      "integrity": "sha1-h2Dk7MJy9MNjUy+SbYdKriwTl94=",
      "requires": {
        "inherits": "2.0.1",
        "safe-buffer": "5.2.1"
      }
    },
    "console-browserify": {
      "version": "1.2.0",
      "resolved": "https://hooppisg.jfrog.io/hooppisg/api/npm/hoopp-isg-npm-combined/console-browserify/-/console-browserify-1.2.0.tgz",
      "integrity": "sha1-ZwY871fOts9Jk6KrOlWECujEkzY="
    },
    "constants-browserify": {
      "version": "1.0.0",
      "resolved": "https://hooppisg.jfrog.io/hooppisg/api/npm/hoopp-isg-npm-combined/constants-browserify/-/constants-browserify-1.0.0.tgz",
      "integrity": "sha1-wguW2MYXdIqvHBYCF2DNJ/y4y3U="
    },
    "core-util-is": {
      "version": "1.0.2",
      "resolved": "https://hooppisg.jfrog.io/hooppisg/api/npm/hoopp-isg-npm-combined/core-util-is/-/core-util-is-1.0.2.tgz",
      "integrity": "sha1-tf1UIgqivFq1eqtxQMlAdUUDwac="
    },
    "create-ecdh": {
      "version": "4.0.4",
      "resolved": "https://hooppisg.jfrog.io/hooppisg/api/npm/hoopp-isg-npm-combined/create-ecdh/-/create-ecdh-4.0.4.tgz",
      "integrity": "sha1-1uf0v/pmc2CFoHYv06YyaE2rzE4=",
      "requires": {
        "bn.js": "4.11.9",
        "elliptic": "6.5.3"
      },
      "dependencies": {
        "bn.js": {
          "version": "4.11.9",
          "resolved": "https://hooppisg.jfrog.io/hooppisg/api/npm/hoopp-isg-npm-combined/bn.js/-/bn.js-4.11.9.tgz",
          "integrity": "sha1-JtVWgpRY+dHoH8SJUkk9C6NQeCg="
        }
      }
    },
    "create-hash": {
      "version": "1.2.0",
      "resolved": "https://hooppisg.jfrog.io/hooppisg/api/npm/hoopp-isg-npm-combined/create-hash/-/create-hash-1.2.0.tgz",
      "integrity": "sha1-iJB4rxGmN1a8+1m9IhmWvjqe8ZY=",
      "requires": {
        "cipher-base": "1.0.4",
        "inherits": "2.0.1",
        "md5.js": "1.3.5",
        "ripemd160": "2.0.2",
        "sha.js": "2.4.11"
      }
    },
    "create-hmac": {
      "version": "1.1.7",
      "resolved": "https://hooppisg.jfrog.io/hooppisg/api/npm/hoopp-isg-npm-combined/create-hmac/-/create-hmac-1.1.7.tgz",
      "integrity": "sha1-aRcMeLOrlXFHsriwRXLkfq0iQ/8=",
      "requires": {
        "cipher-base": "1.0.4",
        "create-hash": "1.2.0",
        "inherits": "2.0.1",
        "ripemd160": "2.0.2",
        "safe-buffer": "5.2.1",
        "sha.js": "2.4.11"
      }
    },
    "crypto-browserify": {
      "version": "3.12.0",
      "resolved": "https://hooppisg.jfrog.io/hooppisg/api/npm/hoopp-isg-npm-combined/crypto-browserify/-/crypto-browserify-3.12.0.tgz",
      "integrity": "sha1-OWz58xN/A+S45TLFj2mCVOAPgOw=",
      "requires": {
        "browserify-cipher": "1.0.1",
        "browserify-sign": "4.2.1",
        "create-ecdh": "4.0.4",
        "create-hash": "1.2.0",
        "create-hmac": "1.1.7",
        "diffie-hellman": "5.0.3",
        "inherits": "2.0.1",
        "pbkdf2": "3.1.1",
        "public-encrypt": "4.0.3",
        "randombytes": "2.1.0",
        "randomfill": "1.0.4"
      }
    },
    "des.js": {
      "version": "1.0.1",
      "resolved": "https://hooppisg.jfrog.io/hooppisg/api/npm/hoopp-isg-npm-combined/des.js/-/des.js-1.0.1.tgz",
      "integrity": "sha1-U4IULhvcU/hdhtU+X0qn3rkeCEM=",
      "requires": {
        "inherits": "2.0.1",
        "minimalistic-assert": "1.0.1"
      }
    },
    "diffie-hellman": {
      "version": "5.0.3",
      "resolved": "https://hooppisg.jfrog.io/hooppisg/api/npm/hoopp-isg-npm-combined/diffie-hellman/-/diffie-hellman-5.0.3.tgz",
      "integrity": "sha1-QOjumPVaIUlgcUaSHGPhrl89KHU=",
      "requires": {
        "bn.js": "4.11.9",
        "miller-rabin": "4.0.1",
        "randombytes": "2.1.0"
      },
      "dependencies": {
        "bn.js": {
          "version": "4.11.9",
          "resolved": "https://hooppisg.jfrog.io/hooppisg/api/npm/hoopp-isg-npm-combined/bn.js/-/bn.js-4.11.9.tgz",
          "integrity": "sha1-JtVWgpRY+dHoH8SJUkk9C6NQeCg="
        }
      }
    },
    "domain-browser": {
      "version": "1.2.0",
      "resolved": "https://hooppisg.jfrog.io/hooppisg/api/npm/hoopp-isg-npm-combined/domain-browser/-/domain-browser-1.2.0.tgz",
      "integrity": "sha1-PTH1AZGmdJ3RN1p/Ui6CPULlTto="
    },
    "elliptic": {
      "version": "6.5.3",
      "resolved": "https://hooppisg.jfrog.io/hooppisg/api/npm/hoopp-isg-npm-combined/elliptic/-/elliptic-6.5.3.tgz",
      "integrity": "sha1-y1nrLv2vc6C9eMzXAVpirW4Pk9Y=",
      "requires": {
        "bn.js": "4.11.9",
        "brorand": "1.1.0",
        "hash.js": "1.1.7",
        "hmac-drbg": "1.0.1",
        "inherits": "2.0.1",
        "minimalistic-assert": "1.0.1",
        "minimalistic-crypto-utils": "1.0.1"
      },
      "dependencies": {
        "bn.js": {
          "version": "4.11.9",
          "resolved": "https://hooppisg.jfrog.io/hooppisg/api/npm/hoopp-isg-npm-combined/bn.js/-/bn.js-4.11.9.tgz",
          "integrity": "sha1-JtVWgpRY+dHoH8SJUkk9C6NQeCg="
        }
      }
    },
    "events": {
      "version": "3.2.0",
      "resolved": "https://hooppisg.jfrog.io/hooppisg/api/npm/hoopp-isg-npm-combined/events/-/events-3.2.0.tgz",
      "integrity": "sha1-k7h8GPjvzUICpGGuxN/AVWtjk3k="
    },
    "evp_bytestokey": {
      "version": "1.0.3",
      "resolved": "https://hooppisg.jfrog.io/hooppisg/api/npm/hoopp-isg-npm-combined/evp_bytestokey/-/evp_bytestokey-1.0.3.tgz",
      "integrity": "sha1-f8vbGY3HGVlDLv4ThCaE4FJaywI=",
      "requires": {
        "md5.js": "1.3.5",
        "safe-buffer": "5.2.1"
      }
    },
    "hash-base": {
      "version": "3.1.0",
      "resolved": "https://hooppisg.jfrog.io/hooppisg/api/npm/hoopp-isg-npm-combined/hash-base/-/hash-base-3.1.0.tgz",
      "integrity": "sha1-VcOB2eBuHSmXqIO0o/3f5/DTrzM=",
      "requires": {
        "inherits": "2.0.4",
        "readable-stream": "3.6.0",
        "safe-buffer": "5.2.1"
      },
      "dependencies": {
        "inherits": {
          "version": "2.0.4",
          "resolved": "https://hooppisg.jfrog.io/hooppisg/api/npm/hoopp-isg-npm-combined/inherits/-/inherits-2.0.4.tgz",
          "integrity": "sha1-D6LGT5MpF8NDOg3tVTY6rjdBa3w="
        },
        "readable-stream": {
          "version": "3.6.0",
          "resolved": "https://hooppisg.jfrog.io/hooppisg/api/npm/hoopp-isg-npm-combined/readable-stream/-/readable-stream-3.6.0.tgz",
          "integrity": "sha1-M3u9o63AcGvT4CRCaihtS0sskZg=",
          "requires": {
            "inherits": "2.0.4",
            "string_decoder": "1.3.0",
            "util-deprecate": "1.0.2"
          }
        }
      }
    },
    "hash.js": {
      "version": "1.1.7",
      "resolved": "https://hooppisg.jfrog.io/hooppisg/api/npm/hoopp-isg-npm-combined/hash.js/-/hash.js-1.1.7.tgz",
      "integrity": "sha1-C6vKU46NTuSg+JiNaIZlN6ADz0I=",
      "requires": {
        "inherits": "2.0.4",
        "minimalistic-assert": "1.0.1"
      },
      "dependencies": {
        "inherits": {
          "version": "2.0.4",
          "resolved": "https://hooppisg.jfrog.io/hooppisg/api/npm/hoopp-isg-npm-combined/inherits/-/inherits-2.0.4.tgz",
          "integrity": "sha1-D6LGT5MpF8NDOg3tVTY6rjdBa3w="
        }
      }
    },
    "hmac-drbg": {
      "version": "1.0.1",
      "resolved": "https://hooppisg.jfrog.io/hooppisg/api/npm/hoopp-isg-npm-combined/hmac-drbg/-/hmac-drbg-1.0.1.tgz",
      "integrity": "sha1-0nRXAQJabHdabFRXk+1QL8DGSaE=",
      "requires": {
        "hash.js": "1.1.7",
        "minimalistic-assert": "1.0.1",
        "minimalistic-crypto-utils": "1.0.1"
      }
    },
    "https-browserify": {
      "version": "1.0.0",
      "resolved": "https://hooppisg.jfrog.io/hooppisg/api/npm/hoopp-isg-npm-combined/https-browserify/-/https-browserify-1.0.0.tgz",
      "integrity": "sha1-7AbBDgo0wPL68Zn3/X/Hj//QPHM="
    },
    "ieee754": {
      "version": "1.1.13",
      "resolved": "https://hooppisg.jfrog.io/hooppisg/api/npm/hoopp-isg-npm-combined/ieee754/-/ieee754-1.1.13.tgz",
      "integrity": "sha1-7BaFWOlaoYH9h9N/VcMrvLZwi4Q="
    },
    "inherits": {
      "version": "2.0.1",
      "resolved": "https://hooppisg.jfrog.io/hooppisg/api/npm/hoopp-isg-npm-combined/inherits/-/inherits-2.0.1.tgz",
      "integrity": "sha1-sX0I0ya0Qj5Wjv9xn5GwscvfafE="
    },
    "isarray": {
      "version": "1.0.0",
      "resolved": "https://hooppisg.jfrog.io/hooppisg/api/npm/hoopp-isg-npm-combined/isarray/-/isarray-1.0.0.tgz",
      "integrity": "sha1-u5NdSFgsuhaMBoNJV6VKPgcSTxE="
    },
    "isexe": {
      "version": "2.0.0",
      "resolved": "https://hooppisg.jfrog.io/hooppisg/api/npm/hoopp-isg-npm-combined/isexe/-/isexe-2.0.0.tgz",
      "integrity": "sha1-6PvzdNxVb/iUehDcsFctYz8s+hA="
    },
    "js-tokens": {
      "version": "4.0.0",
      "resolved": "https://hooppisg.jfrog.io/hooppisg/api/npm/hoopp-isg-npm-combined/js-tokens/-/js-tokens-4.0.0.tgz",
      "integrity": "sha1-GSA/tZmR35jjoocFDUZHzerzJJk="
    },
    "loose-envify": {
      "version": "1.4.0",
      "resolved": "https://hooppisg.jfrog.io/hooppisg/api/npm/hoopp-isg-npm-combined/loose-envify/-/loose-envify-1.4.0.tgz",
      "integrity": "sha1-ce5R+nvkyuwaY4OffmgtgTLTDK8=",
      "requires": {
        "js-tokens": "4.0.0"
      }
    },
    "md5.js": {
      "version": "1.3.5",
      "resolved": "https://hooppisg.jfrog.io/hooppisg/api/npm/hoopp-isg-npm-combined/md5.js/-/md5.js-1.3.5.tgz",
      "integrity": "sha1-tdB7jjIW4+J81yjXL3DR5qNCAF8=",
      "requires": {
        "hash-base": "3.1.0",
        "inherits": "2.0.1",
        "safe-buffer": "5.2.1"
      }
    },
    "miller-rabin": {
      "version": "4.0.1",
      "resolved": "https://hooppisg.jfrog.io/hooppisg/api/npm/hoopp-isg-npm-combined/miller-rabin/-/miller-rabin-4.0.1.tgz",
      "integrity": "sha1-8IA1HIZbDcViqEYpZtqlNUPHik0=",
      "requires": {
        "bn.js": "4.11.9",
        "brorand": "1.1.0"
      },
      "dependencies": {
        "bn.js": {
          "version": "4.11.9",
          "resolved": "https://hooppisg.jfrog.io/hooppisg/api/npm/hoopp-isg-npm-combined/bn.js/-/bn.js-4.11.9.tgz",
          "integrity": "sha1-JtVWgpRY+dHoH8SJUkk9C6NQeCg="
        }
      }
    },
    "minimalistic-assert": {
      "version": "1.0.1",
      "resolved": "https://hooppisg.jfrog.io/hooppisg/api/npm/hoopp-isg-npm-combined/minimalistic-assert/-/minimalistic-assert-1.0.1.tgz",
      "integrity": "sha1-LhlN4ERibUoQ5/f7wAznPoPk1cc="
    },
    "minimalistic-crypto-utils": {
      "version": "1.0.1",
      "resolved": "https://hooppisg.jfrog.io/hooppisg/api/npm/hoopp-isg-npm-combined/minimalistic-crypto-utils/-/minimalistic-crypto-utils-1.0.1.tgz",
      "integrity": "sha1-9sAMHAsIIkblxNmd+4x8CDsrWCo="
    },
    "node-libs-browser": {
      "version": "2.2.1",
      "resolved": "https://hooppisg.jfrog.io/hooppisg/api/npm/hoopp-isg-npm-combined/node-libs-browser/-/node-libs-browser-2.2.1.tgz",
      "integrity": "sha1-tk9RPRgzhiX5A0bSew0jXmMfZCU=",
      "requires": {
        "assert": "1.5.0",
        "browserify-zlib": "0.2.0",
        "buffer": "4.9.2",
        "console-browserify": "1.2.0",
        "constants-browserify": "1.0.0",
        "crypto-browserify": "3.12.0",
        "domain-browser": "1.2.0",
        "events": "3.2.0",
        "https-browserify": "1.0.0",
        "os-browserify": "0.3.0",
        "path-browserify": "0.0.1",
        "process": "0.11.10",
        "punycode": "1.4.1",
        "querystring-es3": "0.2.1",
        "readable-stream": "2.3.7",
        "stream-browserify": "2.0.2",
        "stream-http": "2.8.3",
        "string_decoder": "1.3.0",
        "timers-browserify": "2.0.11",
        "tty-browserify": "0.0.0",
        "url": "0.11.0",
        "util": "0.11.1",
        "vm-browserify": "1.1.2"
      }
    },
    "object-assign": {
      "version": "4.1.1",
      "resolved": "https://hooppisg.jfrog.io/hooppisg/api/npm/hoopp-isg-npm-combined/object-assign/-/object-assign-4.1.1.tgz",
      "integrity": "sha1-IQmtx5ZYh8/AXLvUQsrIv7s2CGM="
    },
    "os-browserify": {
      "version": "0.3.0",
      "resolved": "https://hooppisg.jfrog.io/hooppisg/api/npm/hoopp-isg-npm-combined/os-browserify/-/os-browserify-0.3.0.tgz",
      "integrity": "sha1-hUNzx/XCMVkU/Jv8a9gjj92h7Cc="
    },
    "pako": {
      "version": "1.0.11",
      "resolved": "https://hooppisg.jfrog.io/hooppisg/api/npm/hoopp-isg-npm-combined/pako/-/pako-1.0.11.tgz",
      "integrity": "sha1-bJWZ00DVTf05RjgCUqNXBaa5kr8="
    },
    "parse-asn1": {
      "version": "5.1.6",
      "resolved": "https://hooppisg.jfrog.io/hooppisg/api/npm/hoopp-isg-npm-combined/parse-asn1/-/parse-asn1-5.1.6.tgz",
      "integrity": "sha1-OFCAo+wTy2KmLTlAnLPoiETNrtQ=",
      "requires": {
        "asn1.js": "5.4.1",
        "browserify-aes": "1.2.0",
        "evp_bytestokey": "1.0.3",
        "pbkdf2": "3.1.1",
        "safe-buffer": "5.2.1"
      }
    },
    "path-browserify": {
      "version": "0.0.1",
      "resolved": "https://hooppisg.jfrog.io/hooppisg/api/npm/hoopp-isg-npm-combined/path-browserify/-/path-browserify-0.0.1.tgz",
      "integrity": "sha1-5sTd1+06onxoogzE5Q4aTug7vEo="
    },
    "pbkdf2": {
      "version": "3.1.1",
      "resolved": "https://hooppisg.jfrog.io/hooppisg/api/npm/hoopp-isg-npm-combined/pbkdf2/-/pbkdf2-3.1.1.tgz",
      "integrity": "sha1-y4cksPramEWWhW0abrr9NYRlS5Q=",
      "requires": {
        "create-hash": "1.2.0",
        "create-hmac": "1.1.7",
        "ripemd160": "2.0.2",
        "safe-buffer": "5.2.1",
        "sha.js": "2.4.11"
      }
    },
    "process": {
      "version": "0.11.10",
      "resolved": "https://hooppisg.jfrog.io/hooppisg/api/npm/hoopp-isg-npm-combined/process/-/process-0.11.10.tgz",
      "integrity": "sha1-czIwDoQBYb2j5podHZGn1LwW8YI="
    },
    "process-nextick-args": {
      "version": "2.0.1",
      "resolved": "https://hooppisg.jfrog.io/hooppisg/api/npm/hoopp-isg-npm-combined/process-nextick-args/-/process-nextick-args-2.0.1.tgz",
      "integrity": "sha1-eCDZsWEgzFXKmud5JoCufbptf+I="
    },
    "prop-types": {
      "version": "15.7.2",
      "resolved": "https://hooppisg.jfrog.io/hooppisg/api/npm/hoopp-isg-npm-combined/prop-types/-/prop-types-15.7.2.tgz",
      "integrity": "sha1-UsQedbjIfnK52TYOAga5ncv/psU=",
      "requires": {
        "loose-envify": "1.4.0",
        "object-assign": "4.1.1",
        "react-is": "16.13.1"
      }
    },
    "public-encrypt": {
      "version": "4.0.3",
      "resolved": "https://hooppisg.jfrog.io/hooppisg/api/npm/hoopp-isg-npm-combined/public-encrypt/-/public-encrypt-4.0.3.tgz",
      "integrity": "sha1-T8ydd6B+SLp1J+fL4N4z0HATMeA=",
      "requires": {
        "bn.js": "4.11.9",
        "browserify-rsa": "4.0.1",
        "create-hash": "1.2.0",
        "parse-asn1": "5.1.6",
        "randombytes": "2.1.0",
        "safe-buffer": "5.2.1"
      },
      "dependencies": {
        "bn.js": {
          "version": "4.11.9",
          "resolved": "https://hooppisg.jfrog.io/hooppisg/api/npm/hoopp-isg-npm-combined/bn.js/-/bn.js-4.11.9.tgz",
          "integrity": "sha1-JtVWgpRY+dHoH8SJUkk9C6NQeCg="
        }
      }
    },
    "punycode": {
      "version": "1.4.1",
      "resolved": "https://hooppisg.jfrog.io/hooppisg/api/npm/hoopp-isg-npm-combined/punycode/-/punycode-1.4.1.tgz",
      "integrity": "sha1-wNWmOycYgArY4esPpSachN1BhF4="
    },
    "querystring": {
      "version": "0.2.0",
      "resolved": "https://hooppisg.jfrog.io/hooppisg/api/npm/hoopp-isg-npm-combined/querystring/-/querystring-0.2.0.tgz",
      "integrity": "sha1-sgmEkgO7Jd+CDadW50cAWHhSFiA="
    },
    "querystring-es3": {
      "version": "0.2.1",
      "resolved": "https://hooppisg.jfrog.io/hooppisg/api/npm/hoopp-isg-npm-combined/querystring-es3/-/querystring-es3-0.2.1.tgz",
      "integrity": "sha1-nsYfeQSYdXB9aUFFlv2Qek1xHnM="
    },
    "randombytes": {
      "version": "2.1.0",
      "resolved": "https://hooppisg.jfrog.io/hooppisg/api/npm/hoopp-isg-npm-combined/randombytes/-/randombytes-2.1.0.tgz",
      "integrity": "sha1-32+ENy8CcNxlzfYpE0mrekc9Tyo=",
      "requires": {
        "safe-buffer": "5.2.1"
      }
    },
    "randomfill": {
      "version": "1.0.4",
      "resolved": "https://hooppisg.jfrog.io/hooppisg/api/npm/hoopp-isg-npm-combined/randomfill/-/randomfill-1.0.4.tgz",
      "integrity": "sha1-ySGW/IarQr6YPxvzF3giSTHWFFg=",
      "requires": {
        "randombytes": "2.1.0",
        "safe-buffer": "5.2.1"
      }
    },
    "react": {
      "version": "16.13.1",
      "resolved": "https://hooppisg.jfrog.io/hooppisg/api/npm/hoopp-isg-npm-combined/react/-/react-16.13.1.tgz",
      "integrity": "sha1-LoGIIvGpdDEiwGPWQQ2FweOv5I4=",
      "requires": {
        "loose-envify": "1.4.0",
        "object-assign": "4.1.1",
        "prop-types": "15.7.2"
      }
    },
    "react-dom": {
      "version": "16.13.1",
      "resolved": "https://hooppisg.jfrog.io/hooppisg/api/npm/hoopp-isg-npm-combined/react-dom/-/react-dom-16.13.1.tgz",
      "integrity": "sha1-wb03MxoEhsB47lTEdAcgmTsuDn8=",
      "requires": {
        "loose-envify": "1.4.0",
        "object-assign": "4.1.1",
        "prop-types": "15.7.2",
        "scheduler": "0.19.1"
      }
    },
    "react-is": {
      "version": "16.13.1",
      "resolved": "https://hooppisg.jfrog.io/hooppisg/api/npm/hoopp-isg-npm-combined/react-is/-/react-is-16.13.1.tgz",
      "integrity": "sha1-eJcppNw23imZ3BVt1sHZwYzqVqQ="
    },
    "readable-stream": {
      "version": "2.3.7",
      "resolved": "https://hooppisg.jfrog.io/hooppisg/api/npm/hoopp-isg-npm-combined/readable-stream/-/readable-stream-2.3.7.tgz",
      "integrity": "sha1-Hsoc9xGu+BTAT2IlKjamL2yyO1c=",
      "requires": {
        "core-util-is": "1.0.2",
        "inherits": "2.0.4",
        "isarray": "1.0.0",
        "process-nextick-args": "2.0.1",
        "safe-buffer": "5.1.2",
        "string_decoder": "1.1.1",
        "util-deprecate": "1.0.2"
      },
      "dependencies": {
        "inherits": {
          "version": "2.0.4",
          "resolved": "https://hooppisg.jfrog.io/hooppisg/api/npm/hoopp-isg-npm-combined/inherits/-/inherits-2.0.4.tgz",
          "integrity": "sha1-D6LGT5MpF8NDOg3tVTY6rjdBa3w="
        },
        "safe-buffer": {
          "version": "5.1.2",
          "resolved": "https://hooppisg.jfrog.io/hooppisg/api/npm/hoopp-isg-npm-combined/safe-buffer/-/safe-buffer-5.1.2.tgz",
          "integrity": "sha1-mR7GnSluAxN0fVm9/St0XDX4go0="
        },
        "string_decoder": {
          "version": "1.1.1",
          "resolved": "https://hooppisg.jfrog.io/hooppisg/api/npm/hoopp-isg-npm-combined/string_decoder/-/string_decoder-1.1.1.tgz",
          "integrity": "sha1-nPFhG6YmhdcDCunkujQUnDrwP8g=",
          "requires": {
            "safe-buffer": "5.1.2"
          }
        }
      }
    },
    "readline-sync": {
      "version": "1.4.10",
      "resolved": "https://hooppisg.jfrog.io/hooppisg/api/npm/hoopp-isg-npm-combined/readline-sync/-/readline-sync-1.4.10.tgz",
      "integrity": "sha1-Qd9/u0tjEtZzARWUFFcFv1bYhzs="
    },
    "ripemd160": {
      "version": "2.0.2",
      "resolved": "https://hooppisg.jfrog.io/hooppisg/api/npm/hoopp-isg-npm-combined/ripemd160/-/ripemd160-2.0.2.tgz",
      "integrity": "sha1-ocGm9iR1FXe6XQeRTLyShQWFiQw=",
      "requires": {
        "hash-base": "3.1.0",
        "inherits": "2.0.1"
      }
    },
    "safe-buffer": {
      "version": "5.2.1",
      "resolved": "https://hooppisg.jfrog.io/hooppisg/api/npm/hoopp-isg-npm-combined/safe-buffer/-/safe-buffer-5.2.1.tgz",
      "integrity": "sha1-Hq+fqb2x/dTsdfWPnNtOa3gn7sY="
    },
    "safer-buffer": {
      "version": "2.1.2",
      "resolved": "https://hooppisg.jfrog.io/hooppisg/api/npm/hoopp-isg-npm-combined/safer-buffer/-/safer-buffer-2.1.2.tgz",
      "integrity": "sha1-RPoWGwGHuVSd2Eu5GAL5vYOFzWo="
    },
    "scheduler": {
      "version": "0.19.1",
      "resolved": "https://hooppisg.jfrog.io/hooppisg/api/npm/hoopp-isg-npm-combined/scheduler/-/scheduler-0.19.1.tgz",
      "integrity": "sha1-Tz4u0sGn1laB9MhU+oxaHMtA8ZY=",
      "requires": {
        "loose-envify": "1.4.0",
        "object-assign": "4.1.1"
      }
    },
    "setimmediate": {
      "version": "1.0.5",
      "resolved": "https://hooppisg.jfrog.io/hooppisg/api/npm/hoopp-isg-npm-combined/setimmediate/-/setimmediate-1.0.5.tgz",
      "integrity": "sha1-KQy7Iy4waULX1+qbg3Mqt4VvgoU="
    },
    "sha.js": {
      "version": "2.4.11",
      "resolved": "https://hooppisg.jfrog.io/hooppisg/api/npm/hoopp-isg-npm-combined/sha.js/-/sha.js-2.4.11.tgz",
      "integrity": "sha1-N6XPC4HsvGlD3hCbopYNGyZYSuc=",
      "requires": {
        "inherits": "2.0.1",
        "safe-buffer": "5.2.1"
      }
    },
    "shadow-cljs": {
      "version": "2.11.4",
      "resolved": "https://hooppisg.jfrog.io/hooppisg/api/npm/hoopp-isg-npm-combined/shadow-cljs/-/shadow-cljs-2.11.4.tgz",
      "integrity": "sha1-EXeLDMzWe+Ry9XJ4oLhw7RfKh4w=",
      "requires": {
        "node-libs-browser": "2.2.1",
        "readline-sync": "1.4.10",
        "shadow-cljs-jar": "1.3.2",
        "source-map-support": "0.4.18",
        "which": "1.3.1",
        "ws": "3.3.3"
      }
    },
    "shadow-cljs-jar": {
      "version": "1.3.2",
      "resolved": "https://hooppisg.jfrog.io/hooppisg/api/npm/hoopp-isg-npm-combined/shadow-cljs-jar/-/shadow-cljs-jar-1.3.2.tgz",
      "integrity": "sha1-lyc6/hdHtqIxGRfByI2eJDyBlXs="
    },
    "source-map": {
      "version": "0.5.7",
      "resolved": "https://hooppisg.jfrog.io/hooppisg/api/npm/hoopp-isg-npm-combined/source-map/-/source-map-0.5.7.tgz",
      "integrity": "sha1-igOdLRAh0i0eoUyA2OpGi6LvP8w="
    },
    "source-map-support": {
      "version": "0.4.18",
      "resolved": "https://hooppisg.jfrog.io/hooppisg/api/npm/hoopp-isg-npm-combined/source-map-support/-/source-map-support-0.4.18.tgz",
      "integrity": "sha1-Aoam3ovkJkEzhZTpfM6nXwosWF8=",
      "requires": {
        "source-map": "0.5.7"
      }
    },
    "stream-browserify": {
      "version": "2.0.2",
      "resolved": "https://hooppisg.jfrog.io/hooppisg/api/npm/hoopp-isg-npm-combined/stream-browserify/-/stream-browserify-2.0.2.tgz",
      "integrity": "sha1-h1IdOKRKp+6RzhzSpH3wy0ndZgs=",
      "requires": {
        "inherits": "2.0.1",
        "readable-stream": "2.3.7"
      }
    },
    "stream-http": {
      "version": "2.8.3",
      "resolved": "https://hooppisg.jfrog.io/hooppisg/api/npm/hoopp-isg-npm-combined/stream-http/-/stream-http-2.8.3.tgz",
      "integrity": "sha1-stJCRpKIpaJ+xP6JM6z2I95lFPw=",
      "requires": {
        "builtin-status-codes": "3.0.0",
        "inherits": "2.0.1",
        "readable-stream": "2.3.7",
        "to-arraybuffer": "1.0.1",
        "xtend": "4.0.2"
      }
    },
    "string_decoder": {
      "version": "1.3.0",
      "resolved": "https://hooppisg.jfrog.io/hooppisg/api/npm/hoopp-isg-npm-combined/string_decoder/-/string_decoder-1.3.0.tgz",
      "integrity": "sha1-QvEUWUpGzxqOMLCoT1bHjD7awh4=",
      "requires": {
        "safe-buffer": "5.2.1"
      }
    },
    "timers-browserify": {
      "version": "2.0.11",
      "resolved": "https://hooppisg.jfrog.io/hooppisg/api/npm/hoopp-isg-npm-combined/timers-browserify/-/timers-browserify-2.0.11.tgz",
      "integrity": "sha1-gAsfPu4nLlvFPuRloE0OgEwxIR8=",
      "requires": {
        "setimmediate": "1.0.5"
      }
    },
    "to-arraybuffer": {
      "version": "1.0.1",
      "resolved": "https://hooppisg.jfrog.io/hooppisg/api/npm/hoopp-isg-npm-combined/to-arraybuffer/-/to-arraybuffer-1.0.1.tgz",
      "integrity": "sha1-fSKbH8xjfkZsoIEYCDanqr/4P0M="
    },
    "tty-browserify": {
      "version": "0.0.0",
      "resolved": "https://hooppisg.jfrog.io/hooppisg/api/npm/hoopp-isg-npm-combined/tty-browserify/-/tty-browserify-0.0.0.tgz",
      "integrity": "sha1-oVe6QC2iTpv5V/mqadUk7tQpAaY="
    },
    "ultron": {
      "version": "1.1.1",
      "resolved": "https://hooppisg.jfrog.io/hooppisg/api/npm/hoopp-isg-npm-combined/ultron/-/ultron-1.1.1.tgz",
      "integrity": "sha1-n+FTahCmZKZSZqHjzPhf02MCvJw="
    },
    "url": {
      "version": "0.11.0",
      "resolved": "https://hooppisg.jfrog.io/hooppisg/api/npm/hoopp-isg-npm-combined/url/-/url-0.11.0.tgz",
      "integrity": "sha1-ODjpfPxgUh63PFJajlW/3Z4uKPE=",
      "requires": {
        "punycode": "1.3.2",
        "querystring": "0.2.0"
      },
      "dependencies": {
        "punycode": {
          "version": "1.3.2",
          "resolved": "https://hooppisg.jfrog.io/hooppisg/api/npm/hoopp-isg-npm-combined/punycode/-/punycode-1.3.2.tgz",
          "integrity": "sha1-llOgNvt8HuQjQvIyXM7v6jkmxI0="
        }
      }
    },
    "util": {
      "version": "0.11.1",
      "resolved": "https://hooppisg.jfrog.io/hooppisg/api/npm/hoopp-isg-npm-combined/util/-/util-0.11.1.tgz",
      "integrity": "sha1-MjZzNyDsZLsn9uJvQhqqLhtYjWE=",
      "requires": {
        "inherits": "2.0.3"
      },
      "dependencies": {
        "inherits": {
          "version": "2.0.3",
          "resolved": "https://hooppisg.jfrog.io/hooppisg/api/npm/hoopp-isg-npm-combined/inherits/-/inherits-2.0.3.tgz",
          "integrity": "sha1-Yzwsg+PaQqUC9SRmAiSA9CCCYd4="
        }
      }
    },
    "util-deprecate": {
      "version": "1.0.2",
      "resolved": "https://hooppisg.jfrog.io/hooppisg/api/npm/hoopp-isg-npm-combined/util-deprecate/-/util-deprecate-1.0.2.tgz",
      "integrity": "sha1-RQ1Nyfpw3nMnYvvS1KKJgUGaDM8="
    },
    "vm-browserify": {
      "version": "1.1.2",
      "resolved": "https://hooppisg.jfrog.io/hooppisg/api/npm/hoopp-isg-npm-combined/vm-browserify/-/vm-browserify-1.1.2.tgz",
      "integrity": "sha1-eGQcSIuObKkadfUR56OzKobl3aA="
    },
    "which": {
      "version": "1.3.1",
      "resolved": "https://hooppisg.jfrog.io/hooppisg/api/npm/hoopp-isg-npm-combined/which/-/which-1.3.1.tgz",
      "integrity": "sha1-pFBD1U9YBTFtqNYvn1CRjT2nCwo=",
      "requires": {
        "isexe": "2.0.0"
      }
    },
    "ws": {
      "version": "3.3.3",
      "resolved": "https://hooppisg.jfrog.io/hooppisg/api/npm/hoopp-isg-npm-combined/ws/-/ws-3.3.3.tgz",
      "integrity": "sha1-8c+E/i1ekB686U767OeF8YeiKPI=",
      "requires": {
        "async-limiter": "1.0.1",
        "safe-buffer": "5.1.2",
        "ultron": "1.1.1"
      },
      "dependencies": {
        "safe-buffer": {
          "version": "5.1.2",
          "resolved": "https://hooppisg.jfrog.io/hooppisg/api/npm/hoopp-isg-npm-combined/safe-buffer/-/safe-buffer-5.1.2.tgz",
          "integrity": "sha1-mR7GnSluAxN0fVm9/St0XDX4go0="
        }
      }
    },
    "xtend": {
      "version": "4.0.2",
      "resolved": "https://hooppisg.jfrog.io/hooppisg/api/npm/hoopp-isg-npm-combined/xtend/-/xtend-4.0.2.tgz",
      "integrity": "sha1-u3J3n1+kZRhrH0OPZ0+jR/2121Q="
    }
  }
}
